// !$*UTF8*$!
{
	archiveVersion = 1;
	classes = {
	};
	objectVersion = 46;
	objects = {

/* Begin PBXBuildFile section */
		501E42A21C7C1A1700DF71EC /* Double+CleanValue.swift in Sources */ = {isa = PBXBuildFile; fileRef = 501E42A11C7C1A1700DF71EC /* Double+CleanValue.swift */; };
		501E42A61C7C1ECE00DF71EC /* LoggingCollectionViewCell.swift in Sources */ = {isa = PBXBuildFile; fileRef = 501E42A51C7C1ECE00DF71EC /* LoggingCollectionViewCell.swift */; };
		501E42AA1C7C8D0800DF71EC /* SetButton.swift in Sources */ = {isa = PBXBuildFile; fileRef = 501E42A91C7C8D0800DF71EC /* SetButton.swift */; };
		501E42B31C7CCC2000DF71EC /* WorkoutViewController.swift in Sources */ = {isa = PBXBuildFile; fileRef = 501E42B21C7CCC2000DF71EC /* WorkoutViewController.swift */; };
		501E42B51C7CD65C00DF71EC /* LoggingViewController.swift in Sources */ = {isa = PBXBuildFile; fileRef = 501E42B41C7CD65C00DF71EC /* LoggingViewController.swift */; };
		50363B691C7A6D11008FDE7D /* NSOrderedSet+SetToArray.swift in Sources */ = {isa = PBXBuildFile; fileRef = 50363B681C7A6D11008FDE7D /* NSOrderedSet+SetToArray.swift */; };
		50363B7D1C7B73E7008FDE7D /* LogManager+ExerciseUpdate.swift in Sources */ = {isa = PBXBuildFile; fileRef = 50363B7C1C7B73E7008FDE7D /* LogManager+ExerciseUpdate.swift */; };
		50363B851C7B7643008FDE7D /* LogManager+ExerciseUpdateHelpers.swift in Sources */ = {isa = PBXBuildFile; fileRef = 50363B841C7B7643008FDE7D /* LogManager+ExerciseUpdateHelpers.swift */; };
		50363B871C7B77CC008FDE7D /* LogManager+ExerciseReturn.swift in Sources */ = {isa = PBXBuildFile; fileRef = 50363B861C7B77CC008FDE7D /* LogManager+ExerciseReturn.swift */; };
		50363B891C7B7B6A008FDE7D /* LogManager+WorkoutType.swift in Sources */ = {isa = PBXBuildFile; fileRef = 50363B881C7B7B6A008FDE7D /* LogManager+WorkoutType.swift */; };
		50386E931C7B9CE500735975 /* WorkoutCollectionViewController.swift in Sources */ = {isa = PBXBuildFile; fileRef = 50386E921C7B9CE500735975 /* WorkoutCollectionViewController.swift */; };
		50386E961C7BA7F600735975 /* HistoryViewController.swift in Sources */ = {isa = PBXBuildFile; fileRef = 50386E951C7BA7F600735975 /* HistoryViewController.swift */; };
		50386E981C7BAB7D00735975 /* LoggingCollectionViewController.swift in Sources */ = {isa = PBXBuildFile; fileRef = 50386E971C7BAB7D00735975 /* LoggingCollectionViewController.swift */; };
		50386E9A1C7BAE8200735975 /* WorkoutLogCollectionViewCell.swift in Sources */ = {isa = PBXBuildFile; fileRef = 50386E991C7BAE8200735975 /* WorkoutLogCollectionViewCell.swift */; };
		50A91CE31C7619D00016002B /* CoreDataStack.swift in Sources */ = {isa = PBXBuildFile; fileRef = 50A91CE21C7619D00016002B /* CoreDataStack.swift */; };
		50A91D101C7928730016002B /* NSDate+StringDate.swift in Sources */ = {isa = PBXBuildFile; fileRef = 50A91D0F1C7928730016002B /* NSDate+StringDate.swift */; };
		50B2CAAB1C7BE4EB00363720 /* LogManager+WorkoutLogReturn.swift in Sources */ = {isa = PBXBuildFile; fileRef = 50B2CAAA1C7BE4EB00363720 /* LogManager+WorkoutLogReturn.swift */; };
		50B6F9B51C83BEFF00182E3B /* CloudKit.framework in Frameworks */ = {isa = PBXBuildFile; fileRef = 50B6F9B41C83BEFF00182E3B /* CloudKit.framework */; };
		50CD2BC31C754B5200E17B9E /* AppDelegate.swift in Sources */ = {isa = PBXBuildFile; fileRef = 50CD2BC21C754B5200E17B9E /* AppDelegate.swift */; };
		50CD2BC51C754B5200E17B9E /* ViewController.swift in Sources */ = {isa = PBXBuildFile; fileRef = 50CD2BC41C754B5200E17B9E /* ViewController.swift */; };
		50CD2BC81C754B5200E17B9E /* Main.storyboard in Resources */ = {isa = PBXBuildFile; fileRef = 50CD2BC61C754B5200E17B9E /* Main.storyboard */; };
		50CD2BCB1C754B5200E17B9E /* PPL_iOS.xcdatamodeld in Sources */ = {isa = PBXBuildFile; fileRef = 50CD2BC91C754B5200E17B9E /* PPL_iOS.xcdatamodeld */; };
		50CD2BCD1C754B5200E17B9E /* Assets.xcassets in Resources */ = {isa = PBXBuildFile; fileRef = 50CD2BCC1C754B5200E17B9E /* Assets.xcassets */; };
		50CD2BD01C754B5200E17B9E /* LaunchScreen.storyboard in Resources */ = {isa = PBXBuildFile; fileRef = 50CD2BCE1C754B5200E17B9E /* LaunchScreen.storyboard */; };
		50CD2C181C756CC900E17B9E /* ExerciseNameConstants.swift in Sources */ = {isa = PBXBuildFile; fileRef = 50CD2C161C756CC900E17B9E /* ExerciseNameConstants.swift */; };
		50CD2C281C756E1800E17B9E /* Exercise.swift in Sources */ = {isa = PBXBuildFile; fileRef = 50CD2C1E1C756E1800E17B9E /* Exercise.swift */; };
		50CD2C2A1C756E1800E17B9E /* WorkoutLog.swift in Sources */ = {isa = PBXBuildFile; fileRef = 50CD2C201C756E1800E17B9E /* WorkoutLog.swift */; };
		50CD2C2C1C756E1800E17B9E /* Set.swift in Sources */ = {isa = PBXBuildFile; fileRef = 50CD2C221C756E1800E17B9E /* Set.swift */; };
		50CD2C2E1C756F7F00E17B9E /* Exercise+EnumValue.swift in Sources */ = {isa = PBXBuildFile; fileRef = 50CD2C2D1C756F7F00E17B9E /* Exercise+EnumValue.swift */; };
		50CD2C301C756F9400E17B9E /* Workout+EnumValue.swift in Sources */ = {isa = PBXBuildFile; fileRef = 50CD2C2F1C756F9400E17B9E /* Workout+EnumValue.swift */; };
		50CD2C351C75701100E17B9E /* TypeOfWorkouts.swift in Sources */ = {isa = PBXBuildFile; fileRef = 50CD2C341C75701100E17B9E /* TypeOfWorkouts.swift */; };
		50CD2C371C75702500E17B9E /* ProgressionSchemes.swift in Sources */ = {isa = PBXBuildFile; fileRef = 50CD2C361C75702500E17B9E /* ProgressionSchemes.swift */; };
		50CD2C461C7582C500E17B9E /* Workout+Routines.swift in Sources */ = {isa = PBXBuildFile; fileRef = 50CD2C441C75822D00E17B9E /* Workout+Routines.swift */; };
		50CD2C471C7582CE00E17B9E /* Workout.swift in Sources */ = {isa = PBXBuildFile; fileRef = 50CD2C1A1C756E1800E17B9E /* Workout.swift */; };
		50CD2C4B1C758E0000E17B9E /* LogManager.swift in Sources */ = {isa = PBXBuildFile; fileRef = 50CD2C1C1C756E1800E17B9E /* LogManager.swift */; };
		50E784BB1C7E98E8008DB49A /* WeightChangeViewController.swift in Sources */ = {isa = PBXBuildFile; fileRef = 50E784BA1C7E98E8008DB49A /* WeightChangeViewController.swift */; };
		50E785021C7FA2FC008DB49A /* WorkoutLog+CoreDataProperties.swift in Sources */ = {isa = PBXBuildFile; fileRef = 50E784FE1C7FA2FC008DB49A /* WorkoutLog+CoreDataProperties.swift */; };
		50E785031C7FA2FC008DB49A /* Set+CoreDataProperties.swift in Sources */ = {isa = PBXBuildFile; fileRef = 50E784FF1C7FA2FC008DB49A /* Set+CoreDataProperties.swift */; };
		50E785041C7FA2FC008DB49A /* Exercise+CoreDataProperties.swift in Sources */ = {isa = PBXBuildFile; fileRef = 50E785001C7FA2FC008DB49A /* Exercise+CoreDataProperties.swift */; };
		50E785051C7FA2FC008DB49A /* Workout+CoreDataProperties.swift in Sources */ = {isa = PBXBuildFile; fileRef = 50E785011C7FA2FC008DB49A /* Workout+CoreDataProperties.swift */; };
		5CABD5750BB53F33016C3108 /* Pods_PPL_iOS.framework in Frameworks */ = {isa = PBXBuildFile; fileRef = 1C7A53357277D220C82931C8 /* Pods_PPL_iOS.framework */; };
/* End PBXBuildFile section */

/* Begin PBXFileReference section */
		1C7A53357277D220C82931C8 /* Pods_PPL_iOS.framework */ = {isa = PBXFileReference; explicitFileType = wrapper.framework; includeInIndex = 0; path = Pods_PPL_iOS.framework; sourceTree = BUILT_PRODUCTS_DIR; };
		501E42A11C7C1A1700DF71EC /* Double+CleanValue.swift */ = {isa = PBXFileReference; fileEncoding = 4; lastKnownFileType = sourcecode.swift; path = "Double+CleanValue.swift"; sourceTree = "<group>"; };
		501E42A51C7C1ECE00DF71EC /* LoggingCollectionViewCell.swift */ = {isa = PBXFileReference; fileEncoding = 4; lastKnownFileType = sourcecode.swift; path = LoggingCollectionViewCell.swift; sourceTree = "<group>"; };
		501E42A91C7C8D0800DF71EC /* SetButton.swift */ = {isa = PBXFileReference; fileEncoding = 4; lastKnownFileType = sourcecode.swift; path = SetButton.swift; sourceTree = "<group>"; };
		501E42B21C7CCC2000DF71EC /* WorkoutViewController.swift */ = {isa = PBXFileReference; fileEncoding = 4; lastKnownFileType = sourcecode.swift; path = WorkoutViewController.swift; sourceTree = "<group>"; };
		501E42B41C7CD65C00DF71EC /* LoggingViewController.swift */ = {isa = PBXFileReference; fileEncoding = 4; lastKnownFileType = sourcecode.swift; path = LoggingViewController.swift; sourceTree = "<group>"; };
		50363B681C7A6D11008FDE7D /* NSOrderedSet+SetToArray.swift */ = {isa = PBXFileReference; fileEncoding = 4; lastKnownFileType = sourcecode.swift; path = "NSOrderedSet+SetToArray.swift"; sourceTree = "<group>"; };
		50363B7C1C7B73E7008FDE7D /* LogManager+ExerciseUpdate.swift */ = {isa = PBXFileReference; fileEncoding = 4; lastKnownFileType = sourcecode.swift; path = "LogManager+ExerciseUpdate.swift"; sourceTree = "<group>"; };
		50363B841C7B7643008FDE7D /* LogManager+ExerciseUpdateHelpers.swift */ = {isa = PBXFileReference; fileEncoding = 4; lastKnownFileType = sourcecode.swift; path = "LogManager+ExerciseUpdateHelpers.swift"; sourceTree = "<group>"; };
		50363B861C7B77CC008FDE7D /* LogManager+ExerciseReturn.swift */ = {isa = PBXFileReference; fileEncoding = 4; lastKnownFileType = sourcecode.swift; path = "LogManager+ExerciseReturn.swift"; sourceTree = "<group>"; };
		50363B881C7B7B6A008FDE7D /* LogManager+WorkoutType.swift */ = {isa = PBXFileReference; fileEncoding = 4; lastKnownFileType = sourcecode.swift; path = "LogManager+WorkoutType.swift"; sourceTree = "<group>"; };
		50386E921C7B9CE500735975 /* WorkoutCollectionViewController.swift */ = {isa = PBXFileReference; fileEncoding = 4; lastKnownFileType = sourcecode.swift; path = WorkoutCollectionViewController.swift; sourceTree = "<group>"; };
		50386E951C7BA7F600735975 /* HistoryViewController.swift */ = {isa = PBXFileReference; fileEncoding = 4; lastKnownFileType = sourcecode.swift; path = HistoryViewController.swift; sourceTree = "<group>"; };
		50386E971C7BAB7D00735975 /* LoggingCollectionViewController.swift */ = {isa = PBXFileReference; fileEncoding = 4; lastKnownFileType = sourcecode.swift; path = LoggingCollectionViewController.swift; sourceTree = "<group>"; };
		50386E991C7BAE8200735975 /* WorkoutLogCollectionViewCell.swift */ = {isa = PBXFileReference; fileEncoding = 4; lastKnownFileType = sourcecode.swift; path = WorkoutLogCollectionViewCell.swift; sourceTree = "<group>"; };
		50A91CE21C7619D00016002B /* CoreDataStack.swift */ = {isa = PBXFileReference; fileEncoding = 4; lastKnownFileType = sourcecode.swift; path = CoreDataStack.swift; sourceTree = "<group>"; };
		50A91D0F1C7928730016002B /* NSDate+StringDate.swift */ = {isa = PBXFileReference; fileEncoding = 4; lastKnownFileType = sourcecode.swift; path = "NSDate+StringDate.swift"; sourceTree = "<group>"; };
		50B2CAAA1C7BE4EB00363720 /* LogManager+WorkoutLogReturn.swift */ = {isa = PBXFileReference; fileEncoding = 4; lastKnownFileType = sourcecode.swift; path = "LogManager+WorkoutLogReturn.swift"; sourceTree = "<group>"; };
		50B6F9B31C83BEF000182E3B /* PPL-iOS.entitlements */ = {isa = PBXFileReference; lastKnownFileType = text.xml; path = "PPL-iOS.entitlements"; sourceTree = "<group>"; };
		50B6F9B41C83BEFF00182E3B /* CloudKit.framework */ = {isa = PBXFileReference; lastKnownFileType = wrapper.framework; name = CloudKit.framework; path = System/Library/Frameworks/CloudKit.framework; sourceTree = SDKROOT; };
		50CD2BBF1C754B5200E17B9E /* PPL-iOS.app */ = {isa = PBXFileReference; explicitFileType = wrapper.application; includeInIndex = 0; path = "PPL-iOS.app"; sourceTree = BUILT_PRODUCTS_DIR; };
		50CD2BC21C754B5200E17B9E /* AppDelegate.swift */ = {isa = PBXFileReference; lastKnownFileType = sourcecode.swift; path = AppDelegate.swift; sourceTree = "<group>"; };
		50CD2BC41C754B5200E17B9E /* ViewController.swift */ = {isa = PBXFileReference; lastKnownFileType = sourcecode.swift; path = ViewController.swift; sourceTree = "<group>"; };
		50CD2BC71C754B5200E17B9E /* Base */ = {isa = PBXFileReference; lastKnownFileType = file.storyboard; name = Base; path = Base.lproj/Main.storyboard; sourceTree = "<group>"; };
		50CD2BCA1C754B5200E17B9E /* PPL_iOS.xcdatamodel */ = {isa = PBXFileReference; lastKnownFileType = wrapper.xcdatamodel; path = PPL_iOS.xcdatamodel; sourceTree = "<group>"; };
		50CD2BCC1C754B5200E17B9E /* Assets.xcassets */ = {isa = PBXFileReference; lastKnownFileType = folder.assetcatalog; path = Assets.xcassets; sourceTree = "<group>"; };
		50CD2BCF1C754B5200E17B9E /* Base */ = {isa = PBXFileReference; lastKnownFileType = file.storyboard; name = Base; path = Base.lproj/LaunchScreen.storyboard; sourceTree = "<group>"; };
		50CD2BD11C754B5200E17B9E /* Info.plist */ = {isa = PBXFileReference; lastKnownFileType = text.plist.xml; path = Info.plist; sourceTree = "<group>"; };
		50CD2C161C756CC900E17B9E /* ExerciseNameConstants.swift */ = {isa = PBXFileReference; fileEncoding = 4; lastKnownFileType = sourcecode.swift; path = ExerciseNameConstants.swift; sourceTree = "<group>"; };
		50CD2C1A1C756E1800E17B9E /* Workout.swift */ = {isa = PBXFileReference; fileEncoding = 4; lastKnownFileType = sourcecode.swift; name = Workout.swift; path = ../Workout.swift; sourceTree = "<group>"; };
		50CD2C1C1C756E1800E17B9E /* LogManager.swift */ = {isa = PBXFileReference; fileEncoding = 4; lastKnownFileType = sourcecode.swift; name = LogManager.swift; path = ../LogManager.swift; sourceTree = "<group>"; };
		50CD2C1E1C756E1800E17B9E /* Exercise.swift */ = {isa = PBXFileReference; fileEncoding = 4; lastKnownFileType = sourcecode.swift; name = Exercise.swift; path = ../Exercise.swift; sourceTree = "<group>"; };
		50CD2C201C756E1800E17B9E /* WorkoutLog.swift */ = {isa = PBXFileReference; fileEncoding = 4; lastKnownFileType = sourcecode.swift; name = WorkoutLog.swift; path = ../WorkoutLog.swift; sourceTree = "<group>"; };
		50CD2C221C756E1800E17B9E /* Set.swift */ = {isa = PBXFileReference; fileEncoding = 4; lastKnownFileType = sourcecode.swift; name = Set.swift; path = ../Set.swift; sourceTree = "<group>"; };
		50CD2C2D1C756F7F00E17B9E /* Exercise+EnumValue.swift */ = {isa = PBXFileReference; fileEncoding = 4; lastKnownFileType = sourcecode.swift; path = "Exercise+EnumValue.swift"; sourceTree = "<group>"; };
		50CD2C2F1C756F9400E17B9E /* Workout+EnumValue.swift */ = {isa = PBXFileReference; fileEncoding = 4; lastKnownFileType = sourcecode.swift; path = "Workout+EnumValue.swift"; sourceTree = "<group>"; };
		50CD2C341C75701100E17B9E /* TypeOfWorkouts.swift */ = {isa = PBXFileReference; fileEncoding = 4; lastKnownFileType = sourcecode.swift; path = TypeOfWorkouts.swift; sourceTree = "<group>"; };
		50CD2C361C75702500E17B9E /* ProgressionSchemes.swift */ = {isa = PBXFileReference; fileEncoding = 4; lastKnownFileType = sourcecode.swift; path = ProgressionSchemes.swift; sourceTree = "<group>"; };
		50CD2C441C75822D00E17B9E /* Workout+Routines.swift */ = {isa = PBXFileReference; fileEncoding = 4; lastKnownFileType = sourcecode.swift; path = "Workout+Routines.swift"; sourceTree = "<group>"; };
		50E784BA1C7E98E8008DB49A /* WeightChangeViewController.swift */ = {isa = PBXFileReference; fileEncoding = 4; lastKnownFileType = sourcecode.swift; path = WeightChangeViewController.swift; sourceTree = "<group>"; };
		50E784FE1C7FA2FC008DB49A /* WorkoutLog+CoreDataProperties.swift */ = {isa = PBXFileReference; fileEncoding = 4; lastKnownFileType = sourcecode.swift; name = "WorkoutLog+CoreDataProperties.swift"; path = "../WorkoutLog+CoreDataProperties.swift"; sourceTree = "<group>"; };
		50E784FF1C7FA2FC008DB49A /* Set+CoreDataProperties.swift */ = {isa = PBXFileReference; fileEncoding = 4; lastKnownFileType = sourcecode.swift; name = "Set+CoreDataProperties.swift"; path = "../Set+CoreDataProperties.swift"; sourceTree = "<group>"; };
		50E785001C7FA2FC008DB49A /* Exercise+CoreDataProperties.swift */ = {isa = PBXFileReference; fileEncoding = 4; lastKnownFileType = sourcecode.swift; name = "Exercise+CoreDataProperties.swift"; path = "../Exercise+CoreDataProperties.swift"; sourceTree = "<group>"; };
		50E785011C7FA2FC008DB49A /* Workout+CoreDataProperties.swift */ = {isa = PBXFileReference; fileEncoding = 4; lastKnownFileType = sourcecode.swift; name = "Workout+CoreDataProperties.swift"; path = "../Workout+CoreDataProperties.swift"; sourceTree = "<group>"; };
		5F4897E1632C359D49E09065 /* Pods-PPL-iOS.release.xcconfig */ = {isa = PBXFileReference; includeInIndex = 1; lastKnownFileType = text.xcconfig; name = "Pods-PPL-iOS.release.xcconfig"; path = "Pods/Target Support Files/Pods-PPL-iOS/Pods-PPL-iOS.release.xcconfig"; sourceTree = "<group>"; };
		96C05875B06F7C4E15F461F4 /* Pods-PPL-iOS.debug.xcconfig */ = {isa = PBXFileReference; includeInIndex = 1; lastKnownFileType = text.xcconfig; name = "Pods-PPL-iOS.debug.xcconfig"; path = "Pods/Target Support Files/Pods-PPL-iOS/Pods-PPL-iOS.debug.xcconfig"; sourceTree = "<group>"; };
/* End PBXFileReference section */

/* Begin PBXFrameworksBuildPhase section */
		50CD2BBC1C754B5200E17B9E /* Frameworks */ = {
			isa = PBXFrameworksBuildPhase;
			buildActionMask = 2147483647;
			files = (
				5CABD5750BB53F33016C3108 /* Pods_PPL_iOS.framework in Frameworks */,
				50B6F9B51C83BEFF00182E3B /* CloudKit.framework in Frameworks */,
			);
			runOnlyForDeploymentPostprocessing = 0;
		};
/* End PBXFrameworksBuildPhase section */

/* Begin PBXGroup section */
		501E42B61C7CEFD800DF71EC /* delete */ = {
			isa = PBXGroup;
			children = (
				50386E921C7B9CE500735975 /* WorkoutCollectionViewController.swift */,
				50386E971C7BAB7D00735975 /* LoggingCollectionViewController.swift */,
				50CD2BC41C754B5200E17B9E /* ViewController.swift */,
			);
			name = delete;
			sourceTree = "<group>";
		};
		50363B6A1C7AC380008FDE7D /* Workout Extensions */ = {
			isa = PBXGroup;
			children = (
				50CD2C2F1C756F9400E17B9E /* Workout+EnumValue.swift */,
				50CD2C441C75822D00E17B9E /* Workout+Routines.swift */,
			);
			name = "Workout Extensions";
			sourceTree = "<group>";
		};
		50363B6B1C7AC38D008FDE7D /* LogManager Extensions */ = {
			isa = PBXGroup;
			children = (
				50363B881C7B7B6A008FDE7D /* LogManager+WorkoutType.swift */,
				50B2CAAA1C7BE4EB00363720 /* LogManager+WorkoutLogReturn.swift */,
				50363B7C1C7B73E7008FDE7D /* LogManager+ExerciseUpdate.swift */,
				50363B861C7B77CC008FDE7D /* LogManager+ExerciseReturn.swift */,
				50363B841C7B7643008FDE7D /* LogManager+ExerciseUpdateHelpers.swift */,
			);
			name = "LogManager Extensions";
			sourceTree = "<group>";
		};
		50363B6C1C7AC399008FDE7D /* Exercise Extensions */ = {
			isa = PBXGroup;
			children = (
				50CD2C2D1C756F7F00E17B9E /* Exercise+EnumValue.swift */,
			);
			name = "Exercise Extensions";
			sourceTree = "<group>";
		};
		50386E941C7B9D3700735975 /* Controller */ = {
			isa = PBXGroup;
			children = (
				501E42B61C7CEFD800DF71EC /* delete */,
				501E42B21C7CCC2000DF71EC /* WorkoutViewController.swift */,
				50386E991C7BAE8200735975 /* WorkoutLogCollectionViewCell.swift */,
				501E42B41C7CD65C00DF71EC /* LoggingViewController.swift */,
				501E42A51C7C1ECE00DF71EC /* LoggingCollectionViewCell.swift */,
				50E784BA1C7E98E8008DB49A /* WeightChangeViewController.swift */,
				50386E951C7BA7F600735975 /* HistoryViewController.swift */,
			);
			name = Controller;
			sourceTree = "<group>";
		};
		50CD2BB61C754B5200E17B9E = {
			isa = PBXGroup;
			children = (
				50CD2BC11C754B5200E17B9E /* PPL-iOS */,
				50CD2BC01C754B5200E17B9E /* Products */,
				664959B99A90434996312A51 /* Pods */,
				80321573926A346D5E73FCBD /* Frameworks */,
			);
			sourceTree = "<group>";
		};
		50CD2BC01C754B5200E17B9E /* Products */ = {
			isa = PBXGroup;
			children = (
				50CD2BBF1C754B5200E17B9E /* PPL-iOS.app */,
			);
			name = Products;
			sourceTree = "<group>";
		};
		50CD2BC11C754B5200E17B9E /* PPL-iOS */ = {
			isa = PBXGroup;
			children = (
				50B6F9B31C83BEF000182E3B /* PPL-iOS.entitlements */,
				50CD2BFF1C756C1700E17B9E /* Model */,
				50CD2BC21C754B5200E17B9E /* AppDelegate.swift */,
				50A91CE21C7619D00016002B /* CoreDataStack.swift */,
				50CD2BC61C754B5200E17B9E /* Main.storyboard */,
				50386E941C7B9D3700735975 /* Controller */,
				50CD2BCC1C754B5200E17B9E /* Assets.xcassets */,
				50CD2BCE1C754B5200E17B9E /* LaunchScreen.storyboard */,
				50CD2BD11C754B5200E17B9E /* Info.plist */,
				50CD2BC91C754B5200E17B9E /* PPL_iOS.xcdatamodeld */,
			);
			path = "PPL-iOS";
			sourceTree = "<group>";
		};
		50CD2BFF1C756C1700E17B9E /* Model */ = {
			isa = PBXGroup;
			children = (
				50CD2C141C756C3C00E17B9E /* CoreData Properties */,
				50CD2C1C1C756E1800E17B9E /* LogManager.swift */,
				50CD2C201C756E1800E17B9E /* WorkoutLog.swift */,
				50CD2C1A1C756E1800E17B9E /* Workout.swift */,
				50CD2C1E1C756E1800E17B9E /* Exercise.swift */,
				50CD2C221C756E1800E17B9E /* Set.swift */,
				50CD2C311C756FDB00E17B9E /* Constants */,
				50CD2C331C756FFF00E17B9E /* Enums */,
				50CD2C321C756FEA00E17B9E /* Extensions */,
			);
			name = Model;
			sourceTree = "<group>";
		};
		50CD2C141C756C3C00E17B9E /* CoreData Properties */ = {
			isa = PBXGroup;
			children = (
				50E784FE1C7FA2FC008DB49A /* WorkoutLog+CoreDataProperties.swift */,
				50E784FF1C7FA2FC008DB49A /* Set+CoreDataProperties.swift */,
				50E785001C7FA2FC008DB49A /* Exercise+CoreDataProperties.swift */,
				50E785011C7FA2FC008DB49A /* Workout+CoreDataProperties.swift */,
			);
			name = "CoreData Properties";
			sourceTree = "<group>";
		};
		50CD2C311C756FDB00E17B9E /* Constants */ = {
			isa = PBXGroup;
			children = (
				50CD2C161C756CC900E17B9E /* ExerciseNameConstants.swift */,
			);
			name = Constants;
			sourceTree = "<group>";
		};
		50CD2C321C756FEA00E17B9E /* Extensions */ = {
			isa = PBXGroup;
			children = (
				50363B6B1C7AC38D008FDE7D /* LogManager Extensions */,
				50363B6A1C7AC380008FDE7D /* Workout Extensions */,
				50363B6C1C7AC399008FDE7D /* Exercise Extensions */,
				50363B681C7A6D11008FDE7D /* NSOrderedSet+SetToArray.swift */,
				50A91D0F1C7928730016002B /* NSDate+StringDate.swift */,
				501E42A11C7C1A1700DF71EC /* Double+CleanValue.swift */,
				501E42A91C7C8D0800DF71EC /* SetButton.swift */,
			);
			name = Extensions;
			sourceTree = "<group>";
		};
		50CD2C331C756FFF00E17B9E /* Enums */ = {
			isa = PBXGroup;
			children = (
				50CD2C361C75702500E17B9E /* ProgressionSchemes.swift */,
				50CD2C341C75701100E17B9E /* TypeOfWorkouts.swift */,
			);
			name = Enums;
			sourceTree = "<group>";
		};
		664959B99A90434996312A51 /* Pods */ = {
			isa = PBXGroup;
			children = (
				96C05875B06F7C4E15F461F4 /* Pods-PPL-iOS.debug.xcconfig */,
				5F4897E1632C359D49E09065 /* Pods-PPL-iOS.release.xcconfig */,
			);
			name = Pods;
			sourceTree = "<group>";
		};
		80321573926A346D5E73FCBD /* Frameworks */ = {
			isa = PBXGroup;
			children = (
				50B6F9B41C83BEFF00182E3B /* CloudKit.framework */,
				1C7A53357277D220C82931C8 /* Pods_PPL_iOS.framework */,
			);
			name = Frameworks;
			sourceTree = "<group>";
		};
/* End PBXGroup section */

/* Begin PBXNativeTarget section */
		50CD2BBE1C754B5200E17B9E /* PPL-iOS */ = {
			isa = PBXNativeTarget;
			buildConfigurationList = 50CD2BD41C754B5200E17B9E /* Build configuration list for PBXNativeTarget "PPL-iOS" */;
			buildPhases = (
				078DA5D8368BE6B09787B782 /* Check Pods Manifest.lock */,
				50CD2BBB1C754B5200E17B9E /* Sources */,
				50CD2BBC1C754B5200E17B9E /* Frameworks */,
				50CD2BBD1C754B5200E17B9E /* Resources */,
				43A4E17BC00A136B034BABC0 /* Embed Pods Frameworks */,
				F6A9112B0163084866B85F41 /* Copy Pods Resources */,
			);
			buildRules = (
			);
			dependencies = (
			);
			name = "PPL-iOS";
			productName = "PPL-iOS";
			productReference = 50CD2BBF1C754B5200E17B9E /* PPL-iOS.app */;
			productType = "com.apple.product-type.application";
		};
/* End PBXNativeTarget section */

/* Begin PBXProject section */
		50CD2BB71C754B5200E17B9E /* Project object */ = {
			isa = PBXProject;
			attributes = {
				LastSwiftUpdateCheck = 0720;
				LastUpgradeCheck = 0720;
				ORGANIZATIONNAME = "Jovanny Espinal";
				TargetAttributes = {
					50CD2BBE1C754B5200E17B9E = {
						CreatedOnToolsVersion = 7.2.1;
						DevelopmentTeam = 5V2J83L2V8;
						SystemCapabilities = {
							com.apple.iCloud = {
								enabled = 1;
							};
						};
					};
				};
			};
			buildConfigurationList = 50CD2BBA1C754B5200E17B9E /* Build configuration list for PBXProject "PPL-iOS" */;
			compatibilityVersion = "Xcode 3.2";
			developmentRegion = English;
			hasScannedForEncodings = 0;
			knownRegions = (
				en,
				Base,
			);
			mainGroup = 50CD2BB61C754B5200E17B9E;
			productRefGroup = 50CD2BC01C754B5200E17B9E /* Products */;
			projectDirPath = "";
			projectRoot = "";
			targets = (
				50CD2BBE1C754B5200E17B9E /* PPL-iOS */,
			);
		};
/* End PBXProject section */

/* Begin PBXResourcesBuildPhase section */
		50CD2BBD1C754B5200E17B9E /* Resources */ = {
			isa = PBXResourcesBuildPhase;
			buildActionMask = 2147483647;
			files = (
				50CD2BD01C754B5200E17B9E /* LaunchScreen.storyboard in Resources */,
				50CD2BCD1C754B5200E17B9E /* Assets.xcassets in Resources */,
				50CD2BC81C754B5200E17B9E /* Main.storyboard in Resources */,
			);
			runOnlyForDeploymentPostprocessing = 0;
		};
/* End PBXResourcesBuildPhase section */

/* Begin PBXShellScriptBuildPhase section */
		078DA5D8368BE6B09787B782 /* Check Pods Manifest.lock */ = {
			isa = PBXShellScriptBuildPhase;
			buildActionMask = 2147483647;
			files = (
			);
			inputPaths = (
			);
			name = "Check Pods Manifest.lock";
			outputPaths = (
			);
			runOnlyForDeploymentPostprocessing = 0;
			shellPath = /bin/sh;
			shellScript = "diff \"${PODS_ROOT}/../Podfile.lock\" \"${PODS_ROOT}/Manifest.lock\" > /dev/null\nif [[ $? != 0 ]] ; then\n    cat << EOM\nerror: The sandbox is not in sync with the Podfile.lock. Run 'pod install' or update your CocoaPods installation.\nEOM\n    exit 1\nfi\n";
			showEnvVarsInLog = 0;
		};
		43A4E17BC00A136B034BABC0 /* Embed Pods Frameworks */ = {
			isa = PBXShellScriptBuildPhase;
			buildActionMask = 2147483647;
			files = (
			);
			inputPaths = (
			);
			name = "Embed Pods Frameworks";
			outputPaths = (
			);
			runOnlyForDeploymentPostprocessing = 0;
			shellPath = /bin/sh;
			shellScript = "\"${SRCROOT}/Pods/Target Support Files/Pods-PPL-iOS/Pods-PPL-iOS-frameworks.sh\"\n";
			showEnvVarsInLog = 0;
		};
		F6A9112B0163084866B85F41 /* Copy Pods Resources */ = {
			isa = PBXShellScriptBuildPhase;
			buildActionMask = 2147483647;
			files = (
			);
			inputPaths = (
			);
			name = "Copy Pods Resources";
			outputPaths = (
			);
			runOnlyForDeploymentPostprocessing = 0;
			shellPath = /bin/sh;
			shellScript = "\"${SRCROOT}/Pods/Target Support Files/Pods-PPL-iOS/Pods-PPL-iOS-resources.sh\"\n";
			showEnvVarsInLog = 0;
		};
/* End PBXShellScriptBuildPhase section */

/* Begin PBXSourcesBuildPhase section */
		50CD2BBB1C754B5200E17B9E /* Sources */ = {
			isa = PBXSourcesBuildPhase;
			buildActionMask = 2147483647;
			files = (
				50E785021C7FA2FC008DB49A /* WorkoutLog+CoreDataProperties.swift in Sources */,
				50363B891C7B7B6A008FDE7D /* LogManager+WorkoutType.swift in Sources */,
				50CD2C461C7582C500E17B9E /* Workout+Routines.swift in Sources */,
				50386E981C7BAB7D00735975 /* LoggingCollectionViewController.swift in Sources */,
				50CD2BCB1C754B5200E17B9E /* PPL_iOS.xcdatamodeld in Sources */,
				50CD2C351C75701100E17B9E /* TypeOfWorkouts.swift in Sources */,
				50363B7D1C7B73E7008FDE7D /* LogManager+ExerciseUpdate.swift in Sources */,
				50E785041C7FA2FC008DB49A /* Exercise+CoreDataProperties.swift in Sources */,
				50363B691C7A6D11008FDE7D /* NSOrderedSet+SetToArray.swift in Sources */,
				50386E961C7BA7F600735975 /* HistoryViewController.swift in Sources */,
				501E42A61C7C1ECE00DF71EC /* LoggingCollectionViewCell.swift in Sources */,
				501E42AA1C7C8D0800DF71EC /* SetButton.swift in Sources */,
				50CD2C2C1C756E1800E17B9E /* Set.swift in Sources */,
				50CD2C181C756CC900E17B9E /* ExerciseNameConstants.swift in Sources */,
				501E42B31C7CCC2000DF71EC /* WorkoutViewController.swift in Sources */,
				501E42A21C7C1A1700DF71EC /* Double+CleanValue.swift in Sources */,
				50CD2C281C756E1800E17B9E /* Exercise.swift in Sources */,
				50386E931C7B9CE500735975 /* WorkoutCollectionViewController.swift in Sources */,
				50CD2C371C75702500E17B9E /* ProgressionSchemes.swift in Sources */,
				50CD2C2E1C756F7F00E17B9E /* Exercise+EnumValue.swift in Sources */,
				50CD2C2A1C756E1800E17B9E /* WorkoutLog.swift in Sources */,
				50CD2BC51C754B5200E17B9E /* ViewController.swift in Sources */,
				50CD2C301C756F9400E17B9E /* Workout+EnumValue.swift in Sources */,
				50A91CE31C7619D00016002B /* CoreDataStack.swift in Sources */,
				50363B851C7B7643008FDE7D /* LogManager+ExerciseUpdateHelpers.swift in Sources */,
				50386E9A1C7BAE8200735975 /* WorkoutLogCollectionViewCell.swift in Sources */,
				50E785031C7FA2FC008DB49A /* Set+CoreDataProperties.swift in Sources */,
				50CD2C4B1C758E0000E17B9E /* LogManager.swift in Sources */,
				50CD2C471C7582CE00E17B9E /* Workout.swift in Sources */,
				50E784BB1C7E98E8008DB49A /* WeightChangeViewController.swift in Sources */,
				50A91D101C7928730016002B /* NSDate+StringDate.swift in Sources */,
				50B2CAAB1C7BE4EB00363720 /* LogManager+WorkoutLogReturn.swift in Sources */,
				50363B871C7B77CC008FDE7D /* LogManager+ExerciseReturn.swift in Sources */,
				50CD2BC31C754B5200E17B9E /* AppDelegate.swift in Sources */,
				50E785051C7FA2FC008DB49A /* Workout+CoreDataProperties.swift in Sources */,
				501E42B51C7CD65C00DF71EC /* LoggingViewController.swift in Sources */,
			);
			runOnlyForDeploymentPostprocessing = 0;
		};
/* End PBXSourcesBuildPhase section */

/* Begin PBXVariantGroup section */
		50CD2BC61C754B5200E17B9E /* Main.storyboard */ = {
			isa = PBXVariantGroup;
			children = (
				50CD2BC71C754B5200E17B9E /* Base */,
			);
			name = Main.storyboard;
			sourceTree = "<group>";
		};
		50CD2BCE1C754B5200E17B9E /* LaunchScreen.storyboard */ = {
			isa = PBXVariantGroup;
			children = (
				50CD2BCF1C754B5200E17B9E /* Base */,
			);
			name = LaunchScreen.storyboard;
			sourceTree = "<group>";
		};
/* End PBXVariantGroup section */

/* Begin XCBuildConfiguration section */
		50CD2BD21C754B5200E17B9E /* Debug */ = {
			isa = XCBuildConfiguration;
			baseConfigurationReference = 96C05875B06F7C4E15F461F4 /* Pods-PPL-iOS.debug.xcconfig */;
			buildSettings = {
				ALWAYS_SEARCH_USER_PATHS = NO;
				CLANG_CXX_LANGUAGE_STANDARD = "gnu++0x";
				CLANG_CXX_LIBRARY = "libc++";
				CLANG_ENABLE_MODULES = YES;
				CLANG_ENABLE_OBJC_ARC = YES;
				CLANG_WARN_BOOL_CONVERSION = YES;
				CLANG_WARN_CONSTANT_CONVERSION = YES;
				CLANG_WARN_DIRECT_OBJC_ISA_USAGE = YES_ERROR;
				CLANG_WARN_EMPTY_BODY = YES;
				CLANG_WARN_ENUM_CONVERSION = YES;
				CLANG_WARN_INT_CONVERSION = YES;
				CLANG_WARN_OBJC_ROOT_CLASS = YES_ERROR;
				CLANG_WARN_UNREACHABLE_CODE = YES;
				CLANG_WARN__DUPLICATE_METHOD_MATCH = YES;
				"CODE_SIGN_IDENTITY[sdk=iphoneos*]" = "iPhone Developer";
				COPY_PHASE_STRIP = NO;
				DEBUG_INFORMATION_FORMAT = dwarf;
				ENABLE_STRICT_OBJC_MSGSEND = YES;
				ENABLE_TESTABILITY = YES;
				GCC_C_LANGUAGE_STANDARD = gnu99;
				GCC_DYNAMIC_NO_PIC = NO;
				GCC_NO_COMMON_BLOCKS = YES;
				GCC_OPTIMIZATION_LEVEL = 0;
				GCC_PREPROCESSOR_DEFINITIONS = (
					"DEBUG=1",
					"$(inherited)",
				);
				GCC_WARN_64_TO_32_BIT_CONVERSION = YES;
				GCC_WARN_ABOUT_RETURN_TYPE = YES_ERROR;
				GCC_WARN_UNDECLARED_SELECTOR = YES;
				GCC_WARN_UNINITIALIZED_AUTOS = YES_AGGRESSIVE;
				GCC_WARN_UNUSED_FUNCTION = YES;
				GCC_WARN_UNUSED_VARIABLE = YES;
				IPHONEOS_DEPLOYMENT_TARGET = 9.2;
				MTL_ENABLE_DEBUG_INFO = YES;
				ONLY_ACTIVE_ARCH = YES;
				SDKROOT = iphoneos;
				SWIFT_OPTIMIZATION_LEVEL = "-Onone";
				TARGETED_DEVICE_FAMILY = "1,2";
			};
			name = Debug;
		};
		50CD2BD31C754B5200E17B9E /* Release */ = {
			isa = XCBuildConfiguration;
			baseConfigurationReference = 5F4897E1632C359D49E09065 /* Pods-PPL-iOS.release.xcconfig */;
			buildSettings = {
				ALWAYS_SEARCH_USER_PATHS = NO;
				CLANG_CXX_LANGUAGE_STANDARD = "gnu++0x";
				CLANG_CXX_LIBRARY = "libc++";
				CLANG_ENABLE_MODULES = YES;
				CLANG_ENABLE_OBJC_ARC = YES;
				CLANG_WARN_BOOL_CONVERSION = YES;
				CLANG_WARN_CONSTANT_CONVERSION = YES;
				CLANG_WARN_DIRECT_OBJC_ISA_USAGE = YES_ERROR;
				CLANG_WARN_EMPTY_BODY = YES;
				CLANG_WARN_ENUM_CONVERSION = YES;
				CLANG_WARN_INT_CONVERSION = YES;
				CLANG_WARN_OBJC_ROOT_CLASS = YES_ERROR;
				CLANG_WARN_UNREACHABLE_CODE = YES;
				CLANG_WARN__DUPLICATE_METHOD_MATCH = YES;
				"CODE_SIGN_IDENTITY[sdk=iphoneos*]" = "iPhone Developer";
				COPY_PHASE_STRIP = NO;
				DEBUG_INFORMATION_FORMAT = "dwarf-with-dsym";
				ENABLE_NS_ASSERTIONS = NO;
				ENABLE_STRICT_OBJC_MSGSEND = YES;
				GCC_C_LANGUAGE_STANDARD = gnu99;
				GCC_NO_COMMON_BLOCKS = YES;
				GCC_WARN_64_TO_32_BIT_CONVERSION = YES;
				GCC_WARN_ABOUT_RETURN_TYPE = YES_ERROR;
				GCC_WARN_UNDECLARED_SELECTOR = YES;
				GCC_WARN_UNINITIALIZED_AUTOS = YES_AGGRESSIVE;
				GCC_WARN_UNUSED_FUNCTION = YES;
				GCC_WARN_UNUSED_VARIABLE = YES;
				IPHONEOS_DEPLOYMENT_TARGET = 9.2;
				MTL_ENABLE_DEBUG_INFO = NO;
				SDKROOT = iphoneos;
				TARGETED_DEVICE_FAMILY = "1,2";
				VALIDATE_PRODUCT = YES;
			};
			name = Release;
		};
		50CD2BD51C754B5200E17B9E /* Debug */ = {
			isa = XCBuildConfiguration;
			baseConfigurationReference = 96C05875B06F7C4E15F461F4 /* Pods-PPL-iOS.debug.xcconfig */;
			buildSettings = {
				ASSETCATALOG_COMPILER_APPICON_NAME = AppIcon;
				CODE_SIGN_ENTITLEMENTS = "PPL-iOS/PPL-iOS.entitlements";
				CODE_SIGN_IDENTITY = "iPhone Developer";
				"CODE_SIGN_IDENTITY[sdk=iphoneos*]" = "iPhone Developer";
				INFOPLIST_FILE = "PPL-iOS/Info.plist";
				LD_RUNPATH_SEARCH_PATHS = "$(inherited) @executable_path/Frameworks";
				PRODUCT_BUNDLE_IDENTIFIER = com.jovannyespinal.PPL;
				PRODUCT_NAME = "$(TARGET_NAME)";
				PROVISIONING_PROFILE = "";
				TARGETED_DEVICE_FAMILY = 1;
			};
			name = Debug;
		};
		50CD2BD61C754B5200E17B9E /* Release */ = {
			isa = XCBuildConfiguration;
			baseConfigurationReference = 5F4897E1632C359D49E09065 /* Pods-PPL-iOS.release.xcconfig */;
			buildSettings = {
				ASSETCATALOG_COMPILER_APPICON_NAME = AppIcon;
				CODE_SIGN_ENTITLEMENTS = "PPL-iOS/PPL-iOS.entitlements";
				CODE_SIGN_IDENTITY = "iPhone Developer";
				"CODE_SIGN_IDENTITY[sdk=iphoneos*]" = "iPhone Developer";
				INFOPLIST_FILE = "PPL-iOS/Info.plist";
				LD_RUNPATH_SEARCH_PATHS = "$(inherited) @executable_path/Frameworks";
				PRODUCT_BUNDLE_IDENTIFIER = com.jovannyespinal.PPL;
				PRODUCT_NAME = "$(TARGET_NAME)";
				PROVISIONING_PROFILE = "";
				TARGETED_DEVICE_FAMILY = 1;
			};
			name = Release;
		};
/* End XCBuildConfiguration section */

/* Begin XCConfigurationList section */
		50CD2BBA1C754B5200E17B9E /* Build configuration list for PBXProject "PPL-iOS" */ = {
			isa = XCConfigurationList;
			buildConfigurations = (
				50CD2BD21C754B5200E17B9E /* Debug */,
				50CD2BD31C754B5200E17B9E /* Release */,
			);
			defaultConfigurationIsVisible = 0;
			defaultConfigurationName = Release;
		};
		50CD2BD41C754B5200E17B9E /* Build configuration list for PBXNativeTarget "PPL-iOS" */ = {
			isa = XCConfigurationList;
			buildConfigurations = (
				50CD2BD51C754B5200E17B9E /* Debug */,
				50CD2BD61C754B5200E17B9E /* Release */,
			);
			defaultConfigurationIsVisible = 0;
			defaultConfigurationName = Release;
		};
/* End XCConfigurationList section */

/* Begin XCVersionGroup section */
		50CD2BC91C754B5200E17B9E /* PPL_iOS.xcdatamodeld */ = {
			isa = XCVersionGroup;
			children = (
				50CD2BCA1C754B5200E17B9E /* PPL_iOS.xcdatamodel */,
			);
			currentVersion = 50CD2BCA1C754B5200E17B9E /* PPL_iOS.xcdatamodel */;
			path = PPL_iOS.xcdatamodeld;
			sourceTree = "<group>";
			versionGroupType = wrapper.xcdatamodel;
		};
/* End XCVersionGroup section */
	};
	rootObject = 50CD2BB71C754B5200E17B9E /* Project object */;
}
